
Microsoft Visual Studio Solution File, Format Version 12.00
# Visual Studio 15
VisualStudioVersion = 15.0.27703.1
MinimumVisualStudioVersion = 10.0.40219.1
Project("{9A19103F-16F7-4668-BE54-9A1E7A4F7556}") = "TPBAPI.api", "TPBAPI.api\TPBAPI.api.csproj", "{7338BDB3-CA82-45D7-9B77-7E04DC1A726B}"
EndProject
Project("{9A19103F-16F7-4668-BE54-9A1E7A4F7556}") = "TPBAPI.web", "TPBAPI.web\TPBAPI.web.csproj", "{36C66159-26F3-46EC-ACBA-0376AE48FFD8}"
EndProject
Project("{9A19103F-16F7-4668-BE54-9A1E7A4F7556}") = "TMDbLib", "TMDbLib\TMDbLib\TMDbLib.csproj", "{198AE086-8D0A-42AC-8BB1-28A6F73D3E76}"
EndProject
Global
	GlobalSection(SolutionConfigurationPlatforms) = preSolution
		Debug|Any CPU = Debug|Any CPU
		Release|Any CPU = Release|Any CPU
	EndGlobalSection
	GlobalSection(ProjectConfigurationPlatforms) = postSolution
		{7338BDB3-CA82-45D7-9B77-7E04DC1A726B}.Debug|Any CPU.ActiveCfg = Debug|Any CPU
		{7338BDB3-CA82-45D7-9B77-7E04DC1A726B}.Debug|Any CPU.Build.0 = Debug|Any CPU
		{7338BDB3-CA82-45D7-9B77-7E04DC1A726B}.Release|Any CPU.ActiveCfg = Release|Any CPU
		{7338BDB3-CA82-45D7-9B77-7E04DC1A726B}.Release|Any CPU.Build.0 = Release|Any CPU
		{36C66159-26F3-46EC-ACBA-0376AE48FFD8}.Debug|Any CPU.ActiveCfg = Debug|Any CPU
		{36C66159-26F3-46EC-ACBA-0376AE48FFD8}.Debug|Any CPU.Build.0 = Debug|Any CPU
		{36C66159-26F3-46EC-ACBA-0376AE48FFD8}.Release|Any CPU.ActiveCfg = Release|Any CPU
		{36C66159-26F3-46EC-ACBA-0376AE48FFD8}.Release|Any CPU.Build.0 = Release|Any CPU
		{198AE086-8D0A-42AC-8BB1-28A6F73D3E76}.Debug|Any CPU.ActiveCfg = Debug|Any CPU
		{198AE086-8D0A-42AC-8BB1-28A6F73D3E76}.Debug|Any CPU.Build.0 = Debug|Any CPU
		{198AE086-8D0A-42AC-8BB1-28A6F73D3E76}.Release|Any CPU.ActiveCfg = Release|Any CPU
		{198AE086-8D0A-42AC-8BB1-28A6F73D3E76}.Release|Any CPU.Build.0 = Release|Any CPU
	EndGlobalSection
	GlobalSection(SolutionProperties) = preSolution
		HideSolutionNode = FALSE
	EndGlobalSection
	GlobalSection(ExtensibilityGlobals) = postSolution
		SolutionGuid = {637D3743-7EBD-44DA-BE5A-F8C0C930785F}
	EndGlobalSection
EndGlobal
